// !$*UTF8*$!
{
	archiveVersion = 1;
	classes = {
	};
	objectVersion = 46;
	objects = {

/* Begin PBXBuildFile section */
		BDCC6EB11D4D32E6003DC67B /* main.c in Sources */ = {isa = PBXBuildFile; fileRef = BDCC6EB01D4D32E6003DC67B /* main.c */; };
/* End PBXBuildFile section */

/* Begin PBXCopyFilesBuildPhase section */
		BDCC6EAB1D4D32E6003DC67B /* CopyFiles */ = {
			isa = PBXCopyFilesBuildPhase;
			buildActionMask = 2147483647;
			dstPath = /usr/share/man/man1/;
			dstSubfolderSpec = 0;
			files = (
			);
			runOnlyForDeploymentPostprocessing = 1;
		};
/* End PBXCopyFilesBuildPhase section */

/* Begin PBXFileReference section */
		BDCC6EAD1D4D32E6003DC67B /* week3Assigment1 */ = {isa = PBXFileReference; explicitFileType = "compiled.mach-o.executable"; includeInIndex = 0; path = week3Assigment1; sourceTree = BUILT_PRODUCTS_DIR; };
		BDCC6EB01D4D32E6003DC67B /* main.c */ = {isa = PBXFileReference; lastKnownFileType = sourcecode.c.c; path = main.c; sourceTree = "<group>"; };
/* End PBXFileReference section */

/* Begin PBXFrameworksBuildPhase section */
		BDCC6EAA1D4D32E6003DC67B /* Frameworks */ = {
			isa = PBXFrameworksBuildPhase;
			buildActionMask = 2147483647;
			files = (
			);
			runOnlyForDeploymentPostprocessing = 0;
		};
/* End PBXFrameworksBuildPhase section */

/* Begin PBXGroup section */
		BDCC6EA41D4D32E6003DC67B = {
			isa = PBXGroup;
			children = (
				BDCC6EAF1D4D32E6003DC67B /* week3Assigment1 */,
				BDCC6EAE1D4D32E6003DC67B /* Products */,
			);
			sourceTree = "<group>";
		};
		BDCC6EAE1D4D32E6003DC67B /* Products */ = {
			isa = PBXGroup;
			children = (
				BDCC6EAD1D4D32E6003DC67B /* week3Assigment1 */,
			);
			name = Products;
			sourceTree = "<group>";
		};
		BDCC6EAF1D4D32E6003DC67B /* week3Assigment1 */ = {
			isa = PBXGroup;
			children = (
				BDCC6EB01D4D32E6003DC67B /* main.c */,
			);
			path = week3Assigment1;
			sourceTree = "<group>";
		};
/* End PBXGroup section */

/* Begin PBXNativeTarget section */
		BDCC6EAC1D4D32E6003DC67B /* week3Assigment1 */ = {
			isa = PBXNativeTarget;
			buildConfigurationList = BDCC6EB41D4D32E6003DC67B /* Build configuration list for PBXNativeTarget "week3Assigment1" */;
			buildPhases = (
				BDCC6EA91D4D32E6003DC67B /* Sources */,
				BDCC6EAA1D4D32E6003DC67B /* Frameworks */,
				BDCC6EAB1D4D32E6003DC67B /* CopyFiles */,
			);
			buildRules = (
			);
			dependencies = (
			);
			name = week3Assigment1;
			productName = week3Assigment1;
			productReference = BDCC6EAD1D4D32E6003DC67B /* week3Assigment1 */;
			productType = "com.apple.product-type.tool";
		};
/* End PBXNativeTarget section */

/* Begin PBXProject section */
		BDCC6EA51D4D32E6003DC67B /* Project object */ = {
			isa = PBXProject;
			attributes = {
				LastUpgradeCheck = 0720;
				ORGANIZATIONNAME = "Anh Luong";
				TargetAttributes = {
					BDCC6EAC1D4D32E6003DC67B = {
						CreatedOnToolsVersion = 7.2.1;
					};
				};
			};
			buildConfigurationList = BDCC6EA81D4D32E6003DC67B /* Build configuration list for PBXProject "week3Assigment1" */;
			compatibilityVersion = "Xcode 3.2";
			developmentRegion = English;
			hasScannedForEncodings = 0;
			knownRegions = (
				en,
			);
			mainGroup = BDCC6EA41D4D32E6003DC67B;
			productRefGroup = BDCC6EAE1D4D32E6003DC67B /* Products */;
			projectDirPath = "";
			projectRoot = "";
			targets = (
				BDCC6EAC1D4D32E6003DC67B /* week3Assigment1 */,
			);
		};
/* End PBXProject section */

/* Begin PBXSourcesBuildPhase section */
		BDCC6EA91D4D32E6003DC67B /* Sources */ = {
			isa = PBXSourcesBuildPhase;
			buildActionMask = 2147483647;
			files = (
				BDCC6EB11D4D32E6003DC67B /* main.c in Sources */,
			);
			runOnlyForDeploymentPostprocessing = 0;
		};
/* End PBXSourcesBuildPhase section */

/* Begin XCBuildConfiguration section */
		BDCC6EB21D4D32E6003DC67B /* Debug */ = {
			isa = XCBuildConfiguration;
			buildSettings = {
				ALWAYS_SEARCH_USER_PATHS = NO;
				CLANG_CXX_LANGUAGE_STANDARD = "gnu++0x";
				CLANG_CXX_LIBRARY = "libc++";
				CLANG_ENABLE_MODULES = YES;
				CLANG_ENABLE_OBJC_ARC = YES;
				CLANG_WARN_BOOL_CONVERSION = YES;
				CLANG_WARN_CONSTANT_CONVERSION = YES;
				CLANG_WARN_DIRECT_OBJC_ISA_USAGE = YES_ERROR;
				CLANG_WARN_EMPTY_BODY = YES;
				CLANG_WARN_ENUM_CONVERSION = YES;
				CLANG_WARN_INT_CONVERSION = YES;
				CLANG_WARN_OBJC_ROOT_CLASS = YES_ERROR;
				CLANG_WARN_UNREACHABLE_CODE = YES;
				CLANG_WARN__DUPLICATE_METHOD_MATCH = YES;
				CODE_SIGN_IDENTITY = "-";
				COPY_PHASE_STRIP = NO;
				DEBUG_INFORMATION_FORMAT = dwarf;
				ENABLE_STRICT_OBJC_MSGSEND = YES;
				ENABLE_TESTABILITY = YES;
				GCC_C_LANGUAGE_STANDARD = gnu99;
				GCC_DYNAMIC_NO_PIC = NO;
				GCC_NO_COMMON_BLOCKS = YES;
				GCC_OPTIMIZATION_LEVEL = 0;
				GCC_PREPROCESSOR_DEFINITIONS = (
					"DEBUG=1",
					"$(inherited)",
				);
				GCC_WARN_64_TO_32_BIT_CONVERSION = YES;
				GCC_WARN_ABOUT_RETURN_TYPE = YES_ERROR;
				GCC_WARN_UNDECLARED_SELECTOR = YES;
				GCC_WARN_UNINITIALIZED_AUTOS = YES_AGGRESSIVE;
				GCC_WARN_UNUSED_FUNCTION = YES;
				GCC_WARN_UNUSED_VARIABLE = YES;
				MACOSX_DEPLOYMENT_TARGET = 10.10;
				MTL_ENABLE_DEBUG_INFO = YES;
				ONLY_ACTIVE_ARCH = YES;
				SDKROOT = macosx;
			};
			name = Debug;
		};
		BDCC6EB31D4D32E6003DC67B /* Release */ = {
			isa = XCBuildConfiguration;
			buildSettings = {
				ALWAYS_SEARCH_USER_PATHS = NO;
				CLANG_CXX_LANGUAGE_STANDARD = "gnu++0x";
				CLANG_CXX_LIBRARY = "libc++";
				CLANG_ENABLE_MODULES = YES;
				CLANG_ENABLE_OBJC_ARC = YES;
				CLANG_WARN_BOOL_CONVERSION = YES;
				CLANG_WARN_CONSTANT_CONVERSION = YES;
				CLANG_WARN_DIRECT_OBJC_ISA_USAGE = YES_ERROR;
				CLANG_WARN_EMPTY_BODY = YES;
				CLANG_WARN_ENUM_CONVERSION = YES;
				CLANG_WARN_INT_CONVERSION = YES;
				CLANG_WARN_OBJC_ROOT_CLASS = YES_ERROR;
				CLANG_WARN_UNREACHABLE_CODE = YES;
				CLANG_WARN__DUPLICATE_METHOD_MATCH = YES;
				CODE_SIGN_IDENTITY = "-";
				COPY_PHASE_STRIP = NO;
				DEBUG_INFORMATION_FORMAT = "dwarf-with-dsym";
				ENABLE_NS_ASSERTIONS = NO;
				ENABLE_STRICT_OBJC_MSGSEND = YES;
				GCC_C_LANGUAGE_STANDARD = gnu99;
				GCC_NO_COMMON_BLOCKS = YES;
				GCC_WARN_64_TO_32_BIT_CONVERSION = YES;
				GCC_WARN_ABOUT_RETURN_TYPE = YES_ERROR;
				GCC_WARN_UNDECLARED_SELECTOR = YES;
				GCC_WARN_UNINITIALIZED_AUTOS = YES_AGGRESSIVE;
				GCC_WARN_UNUSED_FUNCTION = YES;
				GCC_WARN_UNUSED_VARIABLE = YES;
				MACOSX_DEPLOYMENT_TARGET = 10.10;
				MTL_ENABLE_DEBUG_INFO = NO;
				SDKROOT = macosx;
			};
			name = Release;
		};
		BDCC6EB51D4D32E6003DC67B /* Debug */ = {
			isa = XCBuildConfiguration;
			buildSettings = {
				PRODUCT_NAME = "$(TARGET_NAME)";
			};
			name = Debug;
		};
		BDCC6EB61D4D32E6003DC67B /* Release */ = {
			isa = XCBuildConfiguration;
			buildSettings = {
				PRODUCT_NAME = "$(TARGET_NAME)";
			};
			name = Release;
		};
/* End XCBuildConfiguration section */

/* Begin XCConfigurationList section */
		BDCC6EA81D4D32E6003DC67B /* Build configuration list for PBXProject "week3Assigment1" */ = {
			isa = XCConfigurationList;
			buildConfigurations = (
				BDCC6EB21D4D32E6003DC67B /* Debug */,
				BDCC6EB31D4D32E6003DC67B /* Release */,
			);
			defaultConfigurationIsVisible = 0;
			defaultConfigurationName = Release;
		};
		BDCC6EB41D4D32E6003DC67B /* Build configuration list for PBXNativeTarget "week3Assigment1" */ = {
			isa = XCConfigurationList;
			buildConfigurations = (
				BDCC6EB51D4D32E6003DC67B /* Debug */,
				BDCC6EB61D4D32E6003DC67B /* Release */,
			);
			defaultConfigurationIsVisible = 0;
		};
/* End XCConfigurationList section */
	};
	rootObject = BDCC6EA51D4D32E6003DC67B /* Project object */;
}
